// !$*UTF8*$!
{
	archiveVersion = 1;
	classes = {
	};
	objectVersion = 56;
	objects = {

/* Begin PBXBuildFile section */
		F298D17C2BCD010F006B611A /* FeedView.swift in Sources */ = {isa = PBXBuildFile; fileRef = F298D17B2BCD010F006B611A /* FeedView.swift */; };
		F298D17E2BCD0489006B611A /* FeedCell.swift in Sources */ = {isa = PBXBuildFile; fileRef = F298D17D2BCD0489006B611A /* FeedCell.swift */; };
		F298D1812BCD04DF006B611A /* FeedCellBottomButton.swift in Sources */ = {isa = PBXBuildFile; fileRef = F298D1802BCD04DF006B611A /* FeedCellBottomButton.swift */; };
		F298D1882BCE193E006B611A /* NavigationModifier.swift in Sources */ = {isa = PBXBuildFile; fileRef = F298D1872BCE193E006B611A /* NavigationModifier.swift */; };
		F298D18A2BCE1A58006B611A /* TabBarModifier.swift in Sources */ = {isa = PBXBuildFile; fileRef = F298D1892BCE1A58006B611A /* TabBarModifier.swift */; };
		F2C8F6E52BCE35A700340BF6 /* SearchView.swift in Sources */ = {isa = PBXBuildFile; fileRef = F2C8F6E32BCE30E400340BF6 /* SearchView.swift */; };
		F2C8F6E72BCE35B800340BF6 /* LogInView.swift in Sources */ = {isa = PBXBuildFile; fileRef = F2C8F6E62BCE35B800340BF6 /* LogInView.swift */; };
		F2C8F6ED2BCE3E9000340BF6 /* AppleLoginButton.swift in Sources */ = {isa = PBXBuildFile; fileRef = F2C8F6EC2BCE3E9000340BF6 /* AppleLoginButton.swift */; };
		F2C8F6EF2BCE49DB00340BF6 /* SetNickNameView.swift in Sources */ = {isa = PBXBuildFile; fileRef = F2C8F6EE2BCE49DB00340BF6 /* SetNickNameView.swift */; };
		F2E01B832BC8C5FE004CA206 /* HanbyulstagramApp.swift in Sources */ = {isa = PBXBuildFile; fileRef = F2E01B822BC8C5FE004CA206 /* HanbyulstagramApp.swift */; };
		F2E01B872BC8C5FF004CA206 /* Assets.xcassets in Resources */ = {isa = PBXBuildFile; fileRef = F2E01B862BC8C5FF004CA206 /* Assets.xcassets */; };
		F2E01B8A2BC8C5FF004CA206 /* Preview Assets.xcassets in Resources */ = {isa = PBXBuildFile; fileRef = F2E01B892BC8C5FF004CA206 /* Preview Assets.xcassets */; };
		F2E01BA62BC8CD7A004CA206 /* MainTabBarView.swift in Sources */ = {isa = PBXBuildFile; fileRef = F2E01BA52BC8CD7A004CA206 /* MainTabBarView.swift */; };
		F2E01BAC2BC8F5E1004CA206 /* ProfileHeaderView.swift in Sources */ = {isa = PBXBuildFile; fileRef = F2E01BAA2BC8F5E1004CA206 /* ProfileHeaderView.swift */; };
		F2E01BAD2BC8F5E1004CA206 /* ProfileView.swift in Sources */ = {isa = PBXBuildFile; fileRef = F2E01BAB2BC8F5E1004CA206 /* ProfileView.swift */; };
		F2E01BB32BC8FDE7004CA206 /* ProfileHeaderStatView.swift in Sources */ = {isa = PBXBuildFile; fileRef = F2E01BB22BC8FDE7004CA206 /* ProfileHeaderStatView.swift */; };
		F2E01BB62BC8FF9F004CA206 /* ProfileGridView.swift in Sources */ = {isa = PBXBuildFile; fileRef = F2E01BB52BC8FF9F004CA206 /* ProfileGridView.swift */; };
/* End PBXBuildFile section */

/* Begin PBXFileReference section */
		F298D17B2BCD010F006B611A /* FeedView.swift */ = {isa = PBXFileReference; lastKnownFileType = sourcecode.swift; path = FeedView.swift; sourceTree = "<group>"; };
		F298D17D2BCD0489006B611A /* FeedCell.swift */ = {isa = PBXFileReference; lastKnownFileType = sourcecode.swift; path = FeedCell.swift; sourceTree = "<group>"; };
		F298D1802BCD04DF006B611A /* FeedCellBottomButton.swift */ = {isa = PBXFileReference; lastKnownFileType = sourcecode.swift; path = FeedCellBottomButton.swift; sourceTree = "<group>"; };
		F298D1872BCE193E006B611A /* NavigationModifier.swift */ = {isa = PBXFileReference; lastKnownFileType = sourcecode.swift; path = NavigationModifier.swift; sourceTree = "<group>"; };
		F298D1892BCE1A58006B611A /* TabBarModifier.swift */ = {isa = PBXFileReference; lastKnownFileType = sourcecode.swift; path = TabBarModifier.swift; sourceTree = "<group>"; };
		F2C8F6E32BCE30E400340BF6 /* SearchView.swift */ = {isa = PBXFileReference; lastKnownFileType = sourcecode.swift; path = SearchView.swift; sourceTree = "<group>"; };
		F2C8F6E62BCE35B800340BF6 /* LogInView.swift */ = {isa = PBXFileReference; lastKnownFileType = sourcecode.swift; path = LogInView.swift; sourceTree = "<group>"; };
		F2C8F6EC2BCE3E9000340BF6 /* AppleLoginButton.swift */ = {isa = PBXFileReference; lastKnownFileType = sourcecode.swift; path = AppleLoginButton.swift; sourceTree = "<group>"; };
		F2C8F6EE2BCE49DB00340BF6 /* SetNickNameView.swift */ = {isa = PBXFileReference; lastKnownFileType = sourcecode.swift; path = SetNickNameView.swift; sourceTree = "<group>"; };
		F2E01B7F2BC8C5FE004CA206 /* Hanbyulstagram.app */ = {isa = PBXFileReference; explicitFileType = wrapper.application; includeInIndex = 0; path = Hanbyulstagram.app; sourceTree = BUILT_PRODUCTS_DIR; };
		F2E01B822BC8C5FE004CA206 /* HanbyulstagramApp.swift */ = {isa = PBXFileReference; lastKnownFileType = sourcecode.swift; path = HanbyulstagramApp.swift; sourceTree = "<group>"; };
		F2E01B862BC8C5FF004CA206 /* Assets.xcassets */ = {isa = PBXFileReference; lastKnownFileType = folder.assetcatalog; path = Assets.xcassets; sourceTree = "<group>"; };
		F2E01B892BC8C5FF004CA206 /* Preview Assets.xcassets */ = {isa = PBXFileReference; lastKnownFileType = folder.assetcatalog; path = "Preview Assets.xcassets"; sourceTree = "<group>"; };
		F2E01BA52BC8CD7A004CA206 /* MainTabBarView.swift */ = {isa = PBXFileReference; fileEncoding = 4; lastKnownFileType = sourcecode.swift; path = MainTabBarView.swift; sourceTree = "<group>"; };
		F2E01BAA2BC8F5E1004CA206 /* ProfileHeaderView.swift */ = {isa = PBXFileReference; fileEncoding = 4; lastKnownFileType = sourcecode.swift; path = ProfileHeaderView.swift; sourceTree = "<group>"; };
		F2E01BAB2BC8F5E1004CA206 /* ProfileView.swift */ = {isa = PBXFileReference; fileEncoding = 4; lastKnownFileType = sourcecode.swift; path = ProfileView.swift; sourceTree = "<group>"; };
		F2E01BB22BC8FDE7004CA206 /* ProfileHeaderStatView.swift */ = {isa = PBXFileReference; lastKnownFileType = sourcecode.swift; path = ProfileHeaderStatView.swift; sourceTree = "<group>"; };
		F2E01BB52BC8FF9F004CA206 /* ProfileGridView.swift */ = {isa = PBXFileReference; lastKnownFileType = sourcecode.swift; path = ProfileGridView.swift; sourceTree = "<group>"; };
/* End PBXFileReference section */

/* Begin PBXFrameworksBuildPhase section */
		F2E01B7C2BC8C5FE004CA206 /* Frameworks */ = {
			isa = PBXFrameworksBuildPhase;
			buildActionMask = 2147483647;
			files = (
			);
			runOnlyForDeploymentPostprocessing = 0;
		};
/* End PBXFrameworksBuildPhase section */

/* Begin PBXGroup section */
		F298D17F2BCD048B006B611A /* SubViews */ = {
			isa = PBXGroup;
			children = (
				F298D17D2BCD0489006B611A /* FeedCell.swift */,
				F298D1802BCD04DF006B611A /* FeedCellBottomButton.swift */,
			);
			path = SubViews;
			sourceTree = "<group>";
		};
		F298D1862BCE1925006B611A /* CustomModifier */ = {
			isa = PBXGroup;
			children = (
				F298D1872BCE193E006B611A /* NavigationModifier.swift */,
				F298D1892BCE1A58006B611A /* TabBarModifier.swift */,
			);
			path = CustomModifier;
			sourceTree = "<group>";
		};
		F2C8F6E82BCE37A300340BF6 /* Subviews */ = {
			isa = PBXGroup;
			children = (
				F2C8F6EC2BCE3E9000340BF6 /* AppleLoginButton.swift */,
				F2C8F6EE2BCE49DB00340BF6 /* SetNickNameView.swift */,
			);
			path = Subviews;
			sourceTree = "<group>";
		};
		F2E01B762BC8C5FE004CA206 = {
			isa = PBXGroup;
			children = (
				F2E01B812BC8C5FE004CA206 /* Hanbyulstagram */,
				F2E01B802BC8C5FE004CA206 /* Products */,
			);
			sourceTree = "<group>";
		};
		F2E01B802BC8C5FE004CA206 /* Products */ = {
			isa = PBXGroup;
			children = (
				F2E01B7F2BC8C5FE004CA206 /* Hanbyulstagram.app */,
			);
			name = Products;
			sourceTree = "<group>";
		};
		F2E01B812BC8C5FE004CA206 /* Hanbyulstagram */ = {
			isa = PBXGroup;
			children = (
				F2E01BA32BC8CBB4004CA206 /* Resource */,
				F2E01B942BC8C648004CA206 /* App */,
				F2E01B932BC8C646004CA206 /* Core */,
				F2E01B922BC8C644004CA206 /* Extensions */,
				F2E01B912BC8C643004CA206 /* Models */,
				F2E01B902BC8C63A004CA206 /* Services */,
				F298D1862BCE1925006B611A /* CustomModifier */,
			);
			path = Hanbyulstagram;
			sourceTree = "<group>";
		};
		F2E01B882BC8C5FF004CA206 /* Preview Content */ = {
			isa = PBXGroup;
			children = (
				F2E01B892BC8C5FF004CA206 /* Preview Assets.xcassets */,
			);
			path = "Preview Content";
			sourceTree = "<group>";
		};
		F2E01B902BC8C63A004CA206 /* Services */ = {
			isa = PBXGroup;
			children = (
			);
			path = Services;
			sourceTree = "<group>";
		};
		F2E01B912BC8C643004CA206 /* Models */ = {
			isa = PBXGroup;
			children = (
			);
			path = Models;
			sourceTree = "<group>";
		};
		F2E01B922BC8C644004CA206 /* Extensions */ = {
			isa = PBXGroup;
			children = (
			);
			path = Extensions;
			sourceTree = "<group>";
		};
		F2E01B932BC8C646004CA206 /* Core */ = {
			isa = PBXGroup;
			children = (
				F2E01B952BC8C688004CA206 /* Authentication */,
				F2E01B972BC8C6B6004CA206 /* Feed */,
				F2E01B962BC8C6A9004CA206 /* Profile */,
				F2E01B9A2BC8C6FE004CA206 /* Post */,
				F2E01B982BC8C6C6004CA206 /* Root */,
				F2E01B992BC8C6CB004CA206 /* Search */,
				F2E01B9B2BC8C72B004CA206 /* TapBar */,
			);
			path = Core;
			sourceTree = "<group>";
		};
		F2E01B942BC8C648004CA206 /* App */ = {
			isa = PBXGroup;
			children = (
				F2E01B822BC8C5FE004CA206 /* HanbyulstagramApp.swift */,
			);
			path = App;
			sourceTree = "<group>";
		};
		F2E01B952BC8C688004CA206 /* Authentication */ = {
			isa = PBXGroup;
			children = (
				F2C8F6E62BCE35B800340BF6 /* LogInView.swift */,
				F2C8F6E82BCE37A300340BF6 /* Subviews */,
			);
			path = Authentication;
			sourceTree = "<group>";
		};
		F2E01B962BC8C6A9004CA206 /* Profile */ = {
			isa = PBXGroup;
			children = (
				F2E01BAE2BC8FAA8004CA206 /* Views */,
			);
			path = Profile;
			sourceTree = "<group>";
		};
		F2E01B972BC8C6B6004CA206 /* Feed */ = {
			isa = PBXGroup;
			children = (
				F298D17B2BCD010F006B611A /* FeedView.swift */,
				F298D17F2BCD048B006B611A /* SubViews */,
			);
			path = Feed;
			sourceTree = "<group>";
		};
		F2E01B982BC8C6C6004CA206 /* Root */ = {
			isa = PBXGroup;
			children = (
			);
			path = Root;
			sourceTree = "<group>";
		};
		F2E01B992BC8C6CB004CA206 /* Search */ = {
			isa = PBXGroup;
			children = (
				F2C8F6E32BCE30E400340BF6 /* SearchView.swift */,
			);
			path = Search;
			sourceTree = "<group>";
		};
		F2E01B9A2BC8C6FE004CA206 /* Post */ = {
			isa = PBXGroup;
			children = (
			);
			path = Post;
			sourceTree = "<group>";
		};
		F2E01B9B2BC8C72B004CA206 /* TapBar */ = {
			isa = PBXGroup;
			children = (
				F2E01BA52BC8CD7A004CA206 /* MainTabBarView.swift */,
			);
			path = TapBar;
			sourceTree = "<group>";
		};
		F2E01BA32BC8CBB4004CA206 /* Resource */ = {
			isa = PBXGroup;
			children = (
				F2E01B882BC8C5FF004CA206 /* Preview Content */,
				F2E01B862BC8C5FF004CA206 /* Assets.xcassets */,
			);
			path = Resource;
			sourceTree = "<group>";
		};
		F2E01BAE2BC8FAA8004CA206 /* Views */ = {
			isa = PBXGroup;
			children = (
				F2E01BAB2BC8F5E1004CA206 /* ProfileView.swift */,
				F2E01BB02BC8FDCC004CA206 /* SubViews */,
			);
			path = Views;
			sourceTree = "<group>";
		};
		F2E01BAF2BC8FABB004CA206 /* Header */ = {
			isa = PBXGroup;
			children = (
				F2E01BAA2BC8F5E1004CA206 /* ProfileHeaderView.swift */,
				F2E01BB12BC8FDD5004CA206 /* SubViews */,
			);
			path = Header;
			sourceTree = "<group>";
		};
		F2E01BB02BC8FDCC004CA206 /* SubViews */ = {
			isa = PBXGroup;
			children = (
				F2E01BB42BC8FF90004CA206 /* GridView */,
				F2E01BAF2BC8FABB004CA206 /* Header */,
			);
			path = SubViews;
			sourceTree = "<group>";
		};
		F2E01BB12BC8FDD5004CA206 /* SubViews */ = {
			isa = PBXGroup;
			children = (
				F2E01BB22BC8FDE7004CA206 /* ProfileHeaderStatView.swift */,
			);
			path = SubViews;
			sourceTree = "<group>";
		};
		F2E01BB42BC8FF90004CA206 /* GridView */ = {
			isa = PBXGroup;
			children = (
				F2E01BB52BC8FF9F004CA206 /* ProfileGridView.swift */,
			);
			path = GridView;
			sourceTree = "<group>";
		};
/* End PBXGroup section */

/* Begin PBXNativeTarget section */
		F2E01B7E2BC8C5FE004CA206 /* Hanbyulstagram */ = {
			isa = PBXNativeTarget;
			buildConfigurationList = F2E01B8D2BC8C5FF004CA206 /* Build configuration list for PBXNativeTarget "Hanbyulstagram" */;
			buildPhases = (
				F2E01B7B2BC8C5FE004CA206 /* Sources */,
				F2E01B7C2BC8C5FE004CA206 /* Frameworks */,
				F2E01B7D2BC8C5FE004CA206 /* Resources */,
			);
			buildRules = (
			);
			dependencies = (
			);
			name = Hanbyulstagram;
			productName = Hanbyulstagram;
			productReference = F2E01B7F2BC8C5FE004CA206 /* Hanbyulstagram.app */;
			productType = "com.apple.product-type.application";
		};
/* End PBXNativeTarget section */

/* Begin PBXProject section */
		F2E01B772BC8C5FE004CA206 /* Project object */ = {
			isa = PBXProject;
			attributes = {
				BuildIndependentTargetsInParallel = 1;
				LastSwiftUpdateCheck = 1500;
				LastUpgradeCheck = 1500;
				TargetAttributes = {
					F2E01B7E2BC8C5FE004CA206 = {
						CreatedOnToolsVersion = 15.0;
					};
				};
			};
			buildConfigurationList = F2E01B7A2BC8C5FE004CA206 /* Build configuration list for PBXProject "Hanbyulstagram" */;
			compatibilityVersion = "Xcode 14.0";
			developmentRegion = en;
			hasScannedForEncodings = 0;
			knownRegions = (
				en,
				Base,
			);
			mainGroup = F2E01B762BC8C5FE004CA206;
			productRefGroup = F2E01B802BC8C5FE004CA206 /* Products */;
			projectDirPath = "";
			projectRoot = "";
			targets = (
				F2E01B7E2BC8C5FE004CA206 /* Hanbyulstagram */,
			);
		};
/* End PBXProject section */

/* Begin PBXResourcesBuildPhase section */
		F2E01B7D2BC8C5FE004CA206 /* Resources */ = {
			isa = PBXResourcesBuildPhase;
			buildActionMask = 2147483647;
			files = (
				F2E01B8A2BC8C5FF004CA206 /* Preview Assets.xcassets in Resources */,
				F2E01B872BC8C5FF004CA206 /* Assets.xcassets in Resources */,
			);
			runOnlyForDeploymentPostprocessing = 0;
		};
/* End PBXResourcesBuildPhase section */

/* Begin PBXSourcesBuildPhase section */
		F2E01B7B2BC8C5FE004CA206 /* Sources */ = {
			isa = PBXSourcesBuildPhase;
			buildActionMask = 2147483647;
			files = (
				F298D17C2BCD010F006B611A /* FeedView.swift in Sources */,
				F2E01BAD2BC8F5E1004CA206 /* ProfileView.swift in Sources */,
				F2E01B832BC8C5FE004CA206 /* HanbyulstagramApp.swift in Sources */,
				F2E01BB62BC8FF9F004CA206 /* ProfileGridView.swift in Sources */,
				F2C8F6E52BCE35A700340BF6 /* SearchView.swift in Sources */,
				F298D1812BCD04DF006B611A /* FeedCellBottomButton.swift in Sources */,
				F2C8F6ED2BCE3E9000340BF6 /* AppleLoginButton.swift in Sources */,
				F2E01BAC2BC8F5E1004CA206 /* ProfileHeaderView.swift in Sources */,
				F298D1882BCE193E006B611A /* NavigationModifier.swift in Sources */,
				F2C8F6EF2BCE49DB00340BF6 /* SetNickNameView.swift in Sources */,
				F298D17E2BCD0489006B611A /* FeedCell.swift in Sources */,
				F2E01BB32BC8FDE7004CA206 /* ProfileHeaderStatView.swift in Sources */,
				F298D18A2BCE1A58006B611A /* TabBarModifier.swift in Sources */,
				F2E01BA62BC8CD7A004CA206 /* MainTabBarView.swift in Sources */,
				F2C8F6E72BCE35B800340BF6 /* LogInView.swift in Sources */,
			);
			runOnlyForDeploymentPostprocessing = 0;
		};
/* End PBXSourcesBuildPhase section */

/* Begin XCBuildConfiguration section */
		F2E01B8B2BC8C5FF004CA206 /* Debug */ = {
			isa = XCBuildConfiguration;
			buildSettings = {
				ALWAYS_SEARCH_USER_PATHS = NO;
				ASSETCATALOG_COMPILER_GENERATE_SWIFT_ASSET_SYMBOL_EXTENSIONS = YES;
				CLANG_ANALYZER_NONNULL = YES;
				CLANG_ANALYZER_NUMBER_OBJECT_CONVERSION = YES_AGGRESSIVE;
				CLANG_CXX_LANGUAGE_STANDARD = "gnu++20";
				CLANG_ENABLE_MODULES = YES;
				CLANG_ENABLE_OBJC_ARC = YES;
				CLANG_ENABLE_OBJC_WEAK = YES;
				CLANG_WARN_BLOCK_CAPTURE_AUTORELEASING = YES;
				CLANG_WARN_BOOL_CONVERSION = YES;
				CLANG_WARN_COMMA = YES;
				CLANG_WARN_CONSTANT_CONVERSION = YES;
				CLANG_WARN_DEPRECATED_OBJC_IMPLEMENTATIONS = YES;
				CLANG_WARN_DIRECT_OBJC_ISA_USAGE = YES_ERROR;
				CLANG_WARN_DOCUMENTATION_COMMENTS = YES;
				CLANG_WARN_EMPTY_BODY = YES;
				CLANG_WARN_ENUM_CONVERSION = YES;
				CLANG_WARN_INFINITE_RECURSION = YES;
				CLANG_WARN_INT_CONVERSION = YES;
				CLANG_WARN_NON_LITERAL_NULL_CONVERSION = YES;
				CLANG_WARN_OBJC_IMPLICIT_RETAIN_SELF = YES;
				CLANG_WARN_OBJC_LITERAL_CONVERSION = YES;
				CLANG_WARN_OBJC_ROOT_CLASS = YES_ERROR;
				CLANG_WARN_QUOTED_INCLUDE_IN_FRAMEWORK_HEADER = YES;
				CLANG_WARN_RANGE_LOOP_ANALYSIS = YES;
				CLANG_WARN_STRICT_PROTOTYPES = YES;
				CLANG_WARN_SUSPICIOUS_MOVE = YES;
				CLANG_WARN_UNGUARDED_AVAILABILITY = YES_AGGRESSIVE;
				CLANG_WARN_UNREACHABLE_CODE = YES;
				CLANG_WARN__DUPLICATE_METHOD_MATCH = YES;
				COPY_PHASE_STRIP = NO;
				DEBUG_INFORMATION_FORMAT = dwarf;
				ENABLE_STRICT_OBJC_MSGSEND = YES;
				ENABLE_TESTABILITY = YES;
				ENABLE_USER_SCRIPT_SANDBOXING = YES;
				GCC_C_LANGUAGE_STANDARD = gnu17;
				GCC_DYNAMIC_NO_PIC = NO;
				GCC_NO_COMMON_BLOCKS = YES;
				GCC_OPTIMIZATION_LEVEL = 0;
				GCC_PREPROCESSOR_DEFINITIONS = (
					"DEBUG=1",
					"$(inherited)",
				);
				GCC_WARN_64_TO_32_BIT_CONVERSION = YES;
				GCC_WARN_ABOUT_RETURN_TYPE = YES_ERROR;
				GCC_WARN_UNDECLARED_SELECTOR = YES;
				GCC_WARN_UNINITIALIZED_AUTOS = YES_AGGRESSIVE;
				GCC_WARN_UNUSED_FUNCTION = YES;
				GCC_WARN_UNUSED_VARIABLE = YES;
				IPHONEOS_DEPLOYMENT_TARGET = 17.0;
				LOCALIZATION_PREFERS_STRING_CATALOGS = YES;
				MTL_ENABLE_DEBUG_INFO = INCLUDE_SOURCE;
				MTL_FAST_MATH = YES;
				ONLY_ACTIVE_ARCH = YES;
				SDKROOT = iphoneos;
				SWIFT_ACTIVE_COMPILATION_CONDITIONS = "DEBUG $(inherited)";
				SWIFT_OPTIMIZATION_LEVEL = "-Onone";
			};
			name = Debug;
		};
		F2E01B8C2BC8C5FF004CA206 /* Release */ = {
			isa = XCBuildConfiguration;
			buildSettings = {
				ALWAYS_SEARCH_USER_PATHS = NO;
				ASSETCATALOG_COMPILER_GENERATE_SWIFT_ASSET_SYMBOL_EXTENSIONS = YES;
				CLANG_ANALYZER_NONNULL = YES;
				CLANG_ANALYZER_NUMBER_OBJECT_CONVERSION = YES_AGGRESSIVE;
				CLANG_CXX_LANGUAGE_STANDARD = "gnu++20";
				CLANG_ENABLE_MODULES = YES;
				CLANG_ENABLE_OBJC_ARC = YES;
				CLANG_ENABLE_OBJC_WEAK = YES;
				CLANG_WARN_BLOCK_CAPTURE_AUTORELEASING = YES;
				CLANG_WARN_BOOL_CONVERSION = YES;
				CLANG_WARN_COMMA = YES;
				CLANG_WARN_CONSTANT_CONVERSION = YES;
				CLANG_WARN_DEPRECATED_OBJC_IMPLEMENTATIONS = YES;
				CLANG_WARN_DIRECT_OBJC_ISA_USAGE = YES_ERROR;
				CLANG_WARN_DOCUMENTATION_COMMENTS = YES;
				CLANG_WARN_EMPTY_BODY = YES;
				CLANG_WARN_ENUM_CONVERSION = YES;
				CLANG_WARN_INFINITE_RECURSION = YES;
				CLANG_WARN_INT_CONVERSION = YES;
				CLANG_WARN_NON_LITERAL_NULL_CONVERSION = YES;
				CLANG_WARN_OBJC_IMPLICIT_RETAIN_SELF = YES;
				CLANG_WARN_OBJC_LITERAL_CONVERSION = YES;
				CLANG_WARN_OBJC_ROOT_CLASS = YES_ERROR;
				CLANG_WARN_QUOTED_INCLUDE_IN_FRAMEWORK_HEADER = YES;
				CLANG_WARN_RANGE_LOOP_ANALYSIS = YES;
				CLANG_WARN_STRICT_PROTOTYPES = YES;
				CLANG_WARN_SUSPICIOUS_MOVE = YES;
				CLANG_WARN_UNGUARDED_AVAILABILITY = YES_AGGRESSIVE;
				CLANG_WARN_UNREACHABLE_CODE = YES;
				CLANG_WARN__DUPLICATE_METHOD_MATCH = YES;
				COPY_PHASE_STRIP = NO;
				DEBUG_INFORMATION_FORMAT = "dwarf-with-dsym";
				ENABLE_NS_ASSERTIONS = NO;
				ENABLE_STRICT_OBJC_MSGSEND = YES;
				ENABLE_USER_SCRIPT_SANDBOXING = YES;
				GCC_C_LANGUAGE_STANDARD = gnu17;
				GCC_NO_COMMON_BLOCKS = YES;
				GCC_WARN_64_TO_32_BIT_CONVERSION = YES;
				GCC_WARN_ABOUT_RETURN_TYPE = YES_ERROR;
				GCC_WARN_UNDECLARED_SELECTOR = YES;
				GCC_WARN_UNINITIALIZED_AUTOS = YES_AGGRESSIVE;
				GCC_WARN_UNUSED_FUNCTION = YES;
				GCC_WARN_UNUSED_VARIABLE = YES;
				IPHONEOS_DEPLOYMENT_TARGET = 17.0;
				LOCALIZATION_PREFERS_STRING_CATALOGS = YES;
				MTL_ENABLE_DEBUG_INFO = NO;
				MTL_FAST_MATH = YES;
				SDKROOT = iphoneos;
				SWIFT_COMPILATION_MODE = wholemodule;
				VALIDATE_PRODUCT = YES;
			};
			name = Release;
		};
		F2E01B8E2BC8C5FF004CA206 /* Debug */ = {
			isa = XCBuildConfiguration;
			buildSettings = {
				ASSETCATALOG_COMPILER_APPICON_NAME = AppIcon;
				ASSETCATALOG_COMPILER_GLOBAL_ACCENT_COLOR_NAME = AccentColor;
				CODE_SIGN_STYLE = Automatic;
				CURRENT_PROJECT_VERSION = 1;
				DEVELOPMENT_ASSET_PATHS = "\"Hanbyulstagram/Resource/Preview Content\"";
				DEVELOPMENT_TEAM = V53Z7HF8ZQ;
				ENABLE_PREVIEWS = YES;
				GENERATE_INFOPLIST_FILE = YES;
				INFOPLIST_KEY_UIApplicationSceneManifest_Generation = YES;
				INFOPLIST_KEY_UIApplicationSupportsIndirectInputEvents = YES;
				INFOPLIST_KEY_UILaunchScreen_Generation = YES;
				INFOPLIST_KEY_UISupportedInterfaceOrientations_iPad = "UIInterfaceOrientationPortrait UIInterfaceOrientationPortraitUpsideDown UIInterfaceOrientationLandscapeLeft UIInterfaceOrientationLandscapeRight";
				INFOPLIST_KEY_UISupportedInterfaceOrientations_iPhone = "UIInterfaceOrientationPortrait UIInterfaceOrientationLandscapeLeft UIInterfaceOrientationLandscapeRight";
				LD_RUNPATH_SEARCH_PATHS = (
					"$(inherited)",
					"@executable_path/Frameworks",
				);
				MARKETING_VERSION = 1.0;
				PRODUCT_BUNDLE_IDENTIFIER = deokho.Hanbyulstagram;
				PRODUCT_NAME = "$(TARGET_NAME)";
				SWIFT_EMIT_LOC_STRINGS = YES;
				SWIFT_VERSION = 5.0;
				TARGETED_DEVICE_FAMILY = "1,2";
			};
			name = Debug;
		};
		F2E01B8F2BC8C5FF004CA206 /* Release */ = {
			isa = XCBuildConfiguration;
			buildSettings = {
				ASSETCATALOG_COMPILER_APPICON_NAME = AppIcon;
				ASSETCATALOG_COMPILER_GLOBAL_ACCENT_COLOR_NAME = AccentColor;
				CODE_SIGN_STYLE = Automatic;
				CURRENT_PROJECT_VERSION = 1;
				DEVELOPMENT_ASSET_PATHS = "\"Hanbyulstagram/Resource/Preview Content\"";
				DEVELOPMENT_TEAM = V53Z7HF8ZQ;
				ENABLE_PREVIEWS = YES;
				GENERATE_INFOPLIST_FILE = YES;
				INFOPLIST_KEY_UIApplicationSceneManifest_Generation = YES;
				INFOPLIST_KEY_UIApplicationSupportsIndirectInputEvents = YES;
				INFOPLIST_KEY_UILaunchScreen_Generation = YES;
				INFOPLIST_KEY_UISupportedInterfaceOrientations_iPad = "UIInterfaceOrientationPortrait UIInterfaceOrientationPortraitUpsideDown UIInterfaceOrientationLandscapeLeft UIInterfaceOrientationLandscapeRight";
				INFOPLIST_KEY_UISupportedInterfaceOrientations_iPhone = "UIInterfaceOrientationPortrait UIInterfaceOrientationLandscapeLeft UIInterfaceOrientationLandscapeRight";
				LD_RUNPATH_SEARCH_PATHS = (
					"$(inherited)",
					"@executable_path/Frameworks",
				);
				MARKETING_VERSION = 1.0;
				PRODUCT_BUNDLE_IDENTIFIER = deokho.Hanbyulstagram;
				PRODUCT_NAME = "$(TARGET_NAME)";
				SWIFT_EMIT_LOC_STRINGS = YES;
				SWIFT_VERSION = 5.0;
				TARGETED_DEVICE_FAMILY = "1,2";
			};
			name = Release;
		};
/* End XCBuildConfiguration section */

/* Begin XCConfigurationList section */
		F2E01B7A2BC8C5FE004CA206 /* Build configuration list for PBXProject "Hanbyulstagram" */ = {
			isa = XCConfigurationList;
			buildConfigurations = (
				F2E01B8B2BC8C5FF004CA206 /* Debug */,
				F2E01B8C2BC8C5FF004CA206 /* Release */,
			);
			defaultConfigurationIsVisible = 0;
			defaultConfigurationName = Release;
		};
		F2E01B8D2BC8C5FF004CA206 /* Build configuration list for PBXNativeTarget "Hanbyulstagram" */ = {
			isa = XCConfigurationList;
			buildConfigurations = (
				F2E01B8E2BC8C5FF004CA206 /* Debug */,
				F2E01B8F2BC8C5FF004CA206 /* Release */,
			);
			defaultConfigurationIsVisible = 0;
			defaultConfigurationName = Release;
		};
/* End XCConfigurationList section */
	};
	rootObject = F2E01B772BC8C5FE004CA206 /* Project object */;
}
